
Microsoft Visual Studio Solution File, Format Version 12.00
# Visual Studio Version 17
VisualStudioVersion = 17.4.33103.184
MinimumVisualStudioVersion = 10.0.40219.1
Project("{FAE04EC0-301F-11D3-BF4B-00C04F79EFBC}") = "OAuth", "OAuth\OAuth.csproj", "{FDFE4BE2-5F9D-4C4F-A1A9-441ED1E68EC4}"
EndProject
Global
	GlobalSection(SolutionConfigurationPlatforms) = preSolution
		Debug|Any CPU = Debug|Any CPU
		Release|Any CPU = Release|Any CPU
	EndGlobalSection
	GlobalSection(ProjectConfigurationPlatforms) = postSolution
		{FDFE4BE2-5F9D-4C4F-A1A9-441ED1E68EC4}.Debug|Any CPU.ActiveCfg = Debug|Any CPU
		{FDFE4BE2-5F9D-4C4F-A1A9-441ED1E68EC4}.Debug|Any CPU.Build.0 = Debug|Any CPU
		{FDFE4BE2-5F9D-4C4F-A1A9-441ED1E68EC4}.Release|Any CPU.ActiveCfg = Release|Any CPU
		{FDFE4BE2-5F9D-4C4F-A1A9-441ED1E68EC4}.Release|Any CPU.Build.0 = Release|Any CPU
	EndGlobalSection
	GlobalSection(SolutionProperties) = preSolution
		HideSolutionNode = FALSE
	EndGlobalSection
	GlobalSection(ExtensibilityGlobals) = postSolution
		SolutionGuid = {F4AF89AB-8DC8-4D91-A0E9-AF744640DB6E}
	EndGlobalSection
EndGlobal
